// !$*UTF8*$!
{
	archiveVersion = 1;
	classes = {
	};
	objectVersion = 46;
	objects = {

/* Begin PBXBuildFile section */
		F05B3D951EE6A2A7003CE88F /* AppDelegate.swift in Sources */ = {isa = PBXBuildFile; fileRef = F05B3D941EE6A2A7003CE88F /* AppDelegate.swift */; };
		F05B3D971EE6A2A7003CE88F /* ViewController.swift in Sources */ = {isa = PBXBuildFile; fileRef = F05B3D961EE6A2A7003CE88F /* ViewController.swift */; };
		F05B3D9A1EE6A2A7003CE88F /* Main.storyboard in Resources */ = {isa = PBXBuildFile; fileRef = F05B3D981EE6A2A7003CE88F /* Main.storyboard */; };
		F05B3D9C1EE6A2A7003CE88F /* Assets.xcassets in Resources */ = {isa = PBXBuildFile; fileRef = F05B3D9B1EE6A2A7003CE88F /* Assets.xcassets */; };
		F05B3D9F1EE6A2A7003CE88F /* LaunchScreen.storyboard in Resources */ = {isa = PBXBuildFile; fileRef = F05B3D9D1EE6A2A7003CE88F /* LaunchScreen.storyboard */; };
		F05B3DAA1EE6A2A8003CE88F /* Ejer06_TableViewTests.swift in Sources */ = {isa = PBXBuildFile; fileRef = F05B3DA91EE6A2A8003CE88F /* Ejer06_TableViewTests.swift */; };
		F05B3DB51EE6A2A8003CE88F /* Ejer06_TableViewUITests.swift in Sources */ = {isa = PBXBuildFile; fileRef = F05B3DB41EE6A2A8003CE88F /* Ejer06_TableViewUITests.swift */; };
		F09708F41EE6F0B000ABDEA9 /* toast.swift in Sources */ = {isa = PBXBuildFile; fileRef = F09708F31EE6F0B000ABDEA9 /* toast.swift */; };
/* End PBXBuildFile section */

/* Begin PBXContainerItemProxy section */
		F05B3DA61EE6A2A8003CE88F /* PBXContainerItemProxy */ = {
			isa = PBXContainerItemProxy;
			containerPortal = F05B3D891EE6A2A7003CE88F /* Project object */;
			proxyType = 1;
			remoteGlobalIDString = F05B3D901EE6A2A7003CE88F;
			remoteInfo = Ejer06_TableView;
		};
		F05B3DB11EE6A2A8003CE88F /* PBXContainerItemProxy */ = {
			isa = PBXContainerItemProxy;
			containerPortal = F05B3D891EE6A2A7003CE88F /* Project object */;
			proxyType = 1;
			remoteGlobalIDString = F05B3D901EE6A2A7003CE88F;
			remoteInfo = Ejer06_TableView;
		};
/* End PBXContainerItemProxy section */

/* Begin PBXFileReference section */
		F05B3D911EE6A2A7003CE88F /* Ejer06_TableView.app */ = {isa = PBXFileReference; explicitFileType = wrapper.application; includeInIndex = 0; path = Ejer06_TableView.app; sourceTree = BUILT_PRODUCTS_DIR; };
		F05B3D941EE6A2A7003CE88F /* AppDelegate.swift */ = {isa = PBXFileReference; lastKnownFileType = sourcecode.swift; path = AppDelegate.swift; sourceTree = "<group>"; };
		F05B3D961EE6A2A7003CE88F /* ViewController.swift */ = {isa = PBXFileReference; lastKnownFileType = sourcecode.swift; path = ViewController.swift; sourceTree = "<group>"; };
		F05B3D991EE6A2A7003CE88F /* Base */ = {isa = PBXFileReference; lastKnownFileType = file.storyboard; name = Base; path = Base.lproj/Main.storyboard; sourceTree = "<group>"; };
		F05B3D9B1EE6A2A7003CE88F /* Assets.xcassets */ = {isa = PBXFileReference; lastKnownFileType = folder.assetcatalog; path = Assets.xcassets; sourceTree = "<group>"; };
		F05B3D9E1EE6A2A7003CE88F /* Base */ = {isa = PBXFileReference; lastKnownFileType = file.storyboard; name = Base; path = Base.lproj/LaunchScreen.storyboard; sourceTree = "<group>"; };
		F05B3DA01EE6A2A7003CE88F /* Info.plist */ = {isa = PBXFileReference; lastKnownFileType = text.plist.xml; path = Info.plist; sourceTree = "<group>"; };
		F05B3DA51EE6A2A8003CE88F /* Ejer06_TableViewTests.xctest */ = {isa = PBXFileReference; explicitFileType = wrapper.cfbundle; includeInIndex = 0; path = Ejer06_TableViewTests.xctest; sourceTree = BUILT_PRODUCTS_DIR; };
		F05B3DA91EE6A2A8003CE88F /* Ejer06_TableViewTests.swift */ = {isa = PBXFileReference; lastKnownFileType = sourcecode.swift; path = Ejer06_TableViewTests.swift; sourceTree = "<group>"; };
		F05B3DAB1EE6A2A8003CE88F /* Info.plist */ = {isa = PBXFileReference; lastKnownFileType = text.plist.xml; path = Info.plist; sourceTree = "<group>"; };
		F05B3DB01EE6A2A8003CE88F /* Ejer06_TableViewUITests.xctest */ = {isa = PBXFileReference; explicitFileType = wrapper.cfbundle; includeInIndex = 0; path = Ejer06_TableViewUITests.xctest; sourceTree = BUILT_PRODUCTS_DIR; };
		F05B3DB41EE6A2A8003CE88F /* Ejer06_TableViewUITests.swift */ = {isa = PBXFileReference; lastKnownFileType = sourcecode.swift; path = Ejer06_TableViewUITests.swift; sourceTree = "<group>"; };
		F05B3DB61EE6A2A8003CE88F /* Info.plist */ = {isa = PBXFileReference; lastKnownFileType = text.plist.xml; path = Info.plist; sourceTree = "<group>"; };
		F09708F31EE6F0B000ABDEA9 /* toast.swift */ = {isa = PBXFileReference; fileEncoding = 4; lastKnownFileType = sourcecode.swift; path = toast.swift; sourceTree = "<group>"; };
/* End PBXFileReference section */

/* Begin PBXFrameworksBuildPhase section */
		F05B3D8E1EE6A2A7003CE88F /* Frameworks */ = {
			isa = PBXFrameworksBuildPhase;
			buildActionMask = 2147483647;
			files = (
			);
			runOnlyForDeploymentPostprocessing = 0;
		};
		F05B3DA21EE6A2A8003CE88F /* Frameworks */ = {
			isa = PBXFrameworksBuildPhase;
			buildActionMask = 2147483647;
			files = (
			);
			runOnlyForDeploymentPostprocessing = 0;
		};
		F05B3DAD1EE6A2A8003CE88F /* Frameworks */ = {
			isa = PBXFrameworksBuildPhase;
			buildActionMask = 2147483647;
			files = (
			);
			runOnlyForDeploymentPostprocessing = 0;
		};
/* End PBXFrameworksBuildPhase section */

/* Begin PBXGroup section */
		F05B3D881EE6A2A7003CE88F = {
			isa = PBXGroup;
			children = (
				F05B3D931EE6A2A7003CE88F /* Ejer06_TableView */,
				F05B3DA81EE6A2A8003CE88F /* Ejer06_TableViewTests */,
				F05B3DB31EE6A2A8003CE88F /* Ejer06_TableViewUITests */,
				F05B3D921EE6A2A7003CE88F /* Products */,
			);
			sourceTree = "<group>";
		};
		F05B3D921EE6A2A7003CE88F /* Products */ = {
			isa = PBXGroup;
			children = (
				F05B3D911EE6A2A7003CE88F /* Ejer06_TableView.app */,
				F05B3DA51EE6A2A8003CE88F /* Ejer06_TableViewTests.xctest */,
				F05B3DB01EE6A2A8003CE88F /* Ejer06_TableViewUITests.xctest */,
			);
			name = Products;
			sourceTree = "<group>";
		};
		F05B3D931EE6A2A7003CE88F /* Ejer06_TableView */ = {
			isa = PBXGroup;
			children = (
				F05B3D941EE6A2A7003CE88F /* AppDelegate.swift */,
				F05B3D961EE6A2A7003CE88F /* ViewController.swift */,
				F05B3D981EE6A2A7003CE88F /* Main.storyboard */,
				F05B3D9B1EE6A2A7003CE88F /* Assets.xcassets */,
				F05B3D9D1EE6A2A7003CE88F /* LaunchScreen.storyboard */,
				F05B3DA01EE6A2A7003CE88F /* Info.plist */,
				F09708F31EE6F0B000ABDEA9 /* toast.swift */,
			);
			path = Ejer06_TableView;
			sourceTree = "<group>";
		};
		F05B3DA81EE6A2A8003CE88F /* Ejer06_TableViewTests */ = {
			isa = PBXGroup;
			children = (
				F05B3DA91EE6A2A8003CE88F /* Ejer06_TableViewTests.swift */,
				F05B3DAB1EE6A2A8003CE88F /* Info.plist */,
			);
			path = Ejer06_TableViewTests;
			sourceTree = "<group>";
		};
		F05B3DB31EE6A2A8003CE88F /* Ejer06_TableViewUITests */ = {
			isa = PBXGroup;
			children = (
				F05B3DB41EE6A2A8003CE88F /* Ejer06_TableViewUITests.swift */,
				F05B3DB61EE6A2A8003CE88F /* Info.plist */,
			);
			path = Ejer06_TableViewUITests;
			sourceTree = "<group>";
		};
/* End PBXGroup section */

/* Begin PBXNativeTarget section */
		F05B3D901EE6A2A7003CE88F /* Ejer06_TableView */ = {
			isa = PBXNativeTarget;
			buildConfigurationList = F05B3DB91EE6A2A8003CE88F /* Build configuration list for PBXNativeTarget "Ejer06_TableView" */;
			buildPhases = (
				F05B3D8D1EE6A2A7003CE88F /* Sources */,
				F05B3D8E1EE6A2A7003CE88F /* Frameworks */,
				F05B3D8F1EE6A2A7003CE88F /* Resources */,
			);
			buildRules = (
			);
			dependencies = (
			);
			name = Ejer06_TableView;
			productName = Ejer06_TableView;
			productReference = F05B3D911EE6A2A7003CE88F /* Ejer06_TableView.app */;
			productType = "com.apple.product-type.application";
		};
		F05B3DA41EE6A2A8003CE88F /* Ejer06_TableViewTests */ = {
			isa = PBXNativeTarget;
			buildConfigurationList = F05B3DBC1EE6A2A8003CE88F /* Build configuration list for PBXNativeTarget "Ejer06_TableViewTests" */;
			buildPhases = (
				F05B3DA11EE6A2A8003CE88F /* Sources */,
				F05B3DA21EE6A2A8003CE88F /* Frameworks */,
				F05B3DA31EE6A2A8003CE88F /* Resources */,
			);
			buildRules = (
			);
			dependencies = (
				F05B3DA71EE6A2A8003CE88F /* PBXTargetDependency */,
			);
			name = Ejer06_TableViewTests;
			productName = Ejer06_TableViewTests;
			productReference = F05B3DA51EE6A2A8003CE88F /* Ejer06_TableViewTests.xctest */;
			productType = "com.apple.product-type.bundle.unit-test";
		};
		F05B3DAF1EE6A2A8003CE88F /* Ejer06_TableViewUITests */ = {
			isa = PBXNativeTarget;
			buildConfigurationList = F05B3DBF1EE6A2A8003CE88F /* Build configuration list for PBXNativeTarget "Ejer06_TableViewUITests" */;
			buildPhases = (
				F05B3DAC1EE6A2A8003CE88F /* Sources */,
				F05B3DAD1EE6A2A8003CE88F /* Frameworks */,
				F05B3DAE1EE6A2A8003CE88F /* Resources */,
			);
			buildRules = (
			);
			dependencies = (
				F05B3DB21EE6A2A8003CE88F /* PBXTargetDependency */,
			);
			name = Ejer06_TableViewUITests;
			productName = Ejer06_TableViewUITests;
			productReference = F05B3DB01EE6A2A8003CE88F /* Ejer06_TableViewUITests.xctest */;
			productType = "com.apple.product-type.bundle.ui-testing";
		};
/* End PBXNativeTarget section */

/* Begin PBXProject section */
		F05B3D891EE6A2A7003CE88F /* Project object */ = {
			isa = PBXProject;
			attributes = {
				LastSwiftUpdateCheck = 0820;
				LastUpgradeCheck = 0820;
				ORGANIZATIONNAME = "Luis José Sánchez Carrasco";
				TargetAttributes = {
					F05B3D901EE6A2A7003CE88F = {
						CreatedOnToolsVersion = 8.2.1;
						DevelopmentTeam = D7ACHR9XMP;
						ProvisioningStyle = Automatic;
					};
					F05B3DA41EE6A2A8003CE88F = {
						CreatedOnToolsVersion = 8.2.1;
						DevelopmentTeam = D7ACHR9XMP;
						ProvisioningStyle = Automatic;
						TestTargetID = F05B3D901EE6A2A7003CE88F;
					};
					F05B3DAF1EE6A2A8003CE88F = {
						CreatedOnToolsVersion = 8.2.1;
						DevelopmentTeam = D7ACHR9XMP;
						ProvisioningStyle = Automatic;
						TestTargetID = F05B3D901EE6A2A7003CE88F;
					};
				};
			};
			buildConfigurationList = F05B3D8C1EE6A2A7003CE88F /* Build configuration list for PBXProject "Ejer06_TableView" */;
			compatibilityVersion = "Xcode 3.2";
			developmentRegion = English;
			hasScannedForEncodings = 0;
			knownRegions = (
				en,
				Base,
			);
			mainGroup = F05B3D881EE6A2A7003CE88F;
			productRefGroup = F05B3D921EE6A2A7003CE88F /* Products */;
			projectDirPath = "";
			projectRoot = "";
			targets = (
				F05B3D901EE6A2A7003CE88F /* Ejer06_TableView */,
				F05B3DA41EE6A2A8003CE88F /* Ejer06_TableViewTests */,
				F05B3DAF1EE6A2A8003CE88F /* Ejer06_TableViewUITests */,
			);
		};
/* End PBXProject section */

/* Begin PBXResourcesBuildPhase section */
		F05B3D8F1EE6A2A7003CE88F /* Resources */ = {
			isa = PBXResourcesBuildPhase;
			buildActionMask = 2147483647;
			files = (
				F05B3D9F1EE6A2A7003CE88F /* LaunchScreen.storyboard in Resources */,
				F05B3D9C1EE6A2A7003CE88F /* Assets.xcassets in Resources */,
				F05B3D9A1EE6A2A7003CE88F /* Main.storyboard in Resources */,
			);
			runOnlyForDeploymentPostprocessing = 0;
		};
		F05B3DA31EE6A2A8003CE88F /* Resources */ = {
			isa = PBXResourcesBuildPhase;
			buildActionMask = 2147483647;
			files = (
			);
			runOnlyForDeploymentPostprocessing = 0;
		};
		F05B3DAE1EE6A2A8003CE88F /* Resources */ = {
			isa = PBXResourcesBuildPhase;
			buildActionMask = 2147483647;
			files = (
			);
			runOnlyForDeploymentPostprocessing = 0;
		};
/* End PBXResourcesBuildPhase section */

/* Begin PBXSourcesBuildPhase section */
		F05B3D8D1EE6A2A7003CE88F /* Sources */ = {
			isa = PBXSourcesBuildPhase;
			buildActionMask = 2147483647;
			files = (
				F05B3D971EE6A2A7003CE88F /* ViewController.swift in Sources */,
				F09708F41EE6F0B000ABDEA9 /* toast.swift in Sources */,
				F05B3D951EE6A2A7003CE88F /* AppDelegate.swift in Sources */,
			);
			runOnlyForDeploymentPostprocessing = 0;
		};
		F05B3DA11EE6A2A8003CE88F /* Sources */ = {
			isa = PBXSourcesBuildPhase;
			buildActionMask = 2147483647;
			files = (
				F05B3DAA1EE6A2A8003CE88F /* Ejer06_TableViewTests.swift in Sources */,
			);
			runOnlyForDeploymentPostprocessing = 0;
		};
		F05B3DAC1EE6A2A8003CE88F /* Sources */ = {
			isa = PBXSourcesBuildPhase;
			buildActionMask = 2147483647;
			files = (
				F05B3DB51EE6A2A8003CE88F /* Ejer06_TableViewUITests.swift in Sources */,
			);
			runOnlyForDeploymentPostprocessing = 0;
		};
/* End PBXSourcesBuildPhase section */

/* Begin PBXTargetDependency section */
		F05B3DA71EE6A2A8003CE88F /* PBXTargetDependency */ = {
			isa = PBXTargetDependency;
			target = F05B3D901EE6A2A7003CE88F /* Ejer06_TableView */;
			targetProxy = F05B3DA61EE6A2A8003CE88F /* PBXContainerItemProxy */;
		};
		F05B3DB21EE6A2A8003CE88F /* PBXTargetDependency */ = {
			isa = PBXTargetDependency;
			target = F05B3D901EE6A2A7003CE88F /* Ejer06_TableView */;
			targetProxy = F05B3DB11EE6A2A8003CE88F /* PBXContainerItemProxy */;
		};
/* End PBXTargetDependency section */

/* Begin PBXVariantGroup section */
		F05B3D981EE6A2A7003CE88F /* Main.storyboard */ = {
			isa = PBXVariantGroup;
			children = (
				F05B3D991EE6A2A7003CE88F /* Base */,
			);
			name = Main.storyboard;
			sourceTree = "<group>";
		};
		F05B3D9D1EE6A2A7003CE88F /* LaunchScreen.storyboard */ = {
			isa = PBXVariantGroup;
			children = (
				F05B3D9E1EE6A2A7003CE88F /* Base */,
			);
			name = LaunchScreen.storyboard;
			sourceTree = "<group>";
		};
/* End PBXVariantGroup section */

/* Begin XCBuildConfiguration section */
		F05B3DB71EE6A2A8003CE88F /* Debug */ = {
			isa = XCBuildConfiguration;
			buildSettings = {
				ALWAYS_SEARCH_USER_PATHS = NO;
				CLANG_ANALYZER_NONNULL = YES;
				CLANG_CXX_LANGUAGE_STANDARD = "gnu++0x";
				CLANG_CXX_LIBRARY = "libc++";
				CLANG_ENABLE_MODULES = YES;
				CLANG_ENABLE_OBJC_ARC = YES;
				CLANG_WARN_BOOL_CONVERSION = YES;
				CLANG_WARN_CONSTANT_CONVERSION = YES;
				CLANG_WARN_DIRECT_OBJC_ISA_USAGE = YES_ERROR;
				CLANG_WARN_DOCUMENTATION_COMMENTS = YES;
				CLANG_WARN_EMPTY_BODY = YES;
				CLANG_WARN_ENUM_CONVERSION = YES;
				CLANG_WARN_INFINITE_RECURSION = YES;
				CLANG_WARN_INT_CONVERSION = YES;
				CLANG_WARN_OBJC_ROOT_CLASS = YES_ERROR;
				CLANG_WARN_SUSPICIOUS_MOVE = YES;
				CLANG_WARN_UNREACHABLE_CODE = YES;
				CLANG_WARN__DUPLICATE_METHOD_MATCH = YES;
				"CODE_SIGN_IDENTITY[sdk=iphoneos*]" = "iPhone Developer";
				COPY_PHASE_STRIP = NO;
				DEBUG_INFORMATION_FORMAT = dwarf;
				ENABLE_STRICT_OBJC_MSGSEND = YES;
				ENABLE_TESTABILITY = YES;
				GCC_C_LANGUAGE_STANDARD = gnu99;
				GCC_DYNAMIC_NO_PIC = NO;
				GCC_NO_COMMON_BLOCKS = YES;
				GCC_OPTIMIZATION_LEVEL = 0;
				GCC_PREPROCESSOR_DEFINITIONS = (
					"DEBUG=1",
					"$(inherited)",
				);
				GCC_WARN_64_TO_32_BIT_CONVERSION = YES;
				GCC_WARN_ABOUT_RETURN_TYPE = YES_ERROR;
				GCC_WARN_UNDECLARED_SELECTOR = YES;
				GCC_WARN_UNINITIALIZED_AUTOS = YES_AGGRESSIVE;
				GCC_WARN_UNUSED_FUNCTION = YES;
				GCC_WARN_UNUSED_VARIABLE = YES;
				IPHONEOS_DEPLOYMENT_TARGET = 10.2;
				MTL_ENABLE_DEBUG_INFO = YES;
				ONLY_ACTIVE_ARCH = YES;
				SDKROOT = iphoneos;
				SWIFT_ACTIVE_COMPILATION_CONDITIONS = DEBUG;
				SWIFT_OPTIMIZATION_LEVEL = "-Onone";
				TARGETED_DEVICE_FAMILY = "1,2";
			};
			name = Debug;
		};
		F05B3DB81EE6A2A8003CE88F /* Release */ = {
			isa = XCBuildConfiguration;
			buildSettings = {
				ALWAYS_SEARCH_USER_PATHS = NO;
				CLANG_ANALYZER_NONNULL = YES;
				CLANG_CXX_LANGUAGE_STANDARD = "gnu++0x";
				CLANG_CXX_LIBRARY = "libc++";
				CLANG_ENABLE_MODULES = YES;
				CLANG_ENABLE_OBJC_ARC = YES;
				CLANG_WARN_BOOL_CONVERSION = YES;
				CLANG_WARN_CONSTANT_CONVERSION = YES;
				CLANG_WARN_DIRECT_OBJC_ISA_USAGE = YES_ERROR;
				CLANG_WARN_DOCUMENTATION_COMMENTS = YES;
				CLANG_WARN_EMPTY_BODY = YES;
				CLANG_WARN_ENUM_CONVERSION = YES;
				CLANG_WARN_INFINITE_RECURSION = YES;
				CLANG_WARN_INT_CONVERSION = YES;
				CLANG_WARN_OBJC_ROOT_CLASS = YES_ERROR;
				CLANG_WARN_SUSPICIOUS_MOVE = YES;
				CLANG_WARN_UNREACHABLE_CODE = YES;
				CLANG_WARN__DUPLICATE_METHOD_MATCH = YES;
				"CODE_SIGN_IDENTITY[sdk=iphoneos*]" = "iPhone Developer";
				COPY_PHASE_STRIP = NO;
				DEBUG_INFORMATION_FORMAT = "dwarf-with-dsym";
				ENABLE_NS_ASSERTIONS = NO;
				ENABLE_STRICT_OBJC_MSGSEND = YES;
				GCC_C_LANGUAGE_STANDARD = gnu99;
				GCC_NO_COMMON_BLOCKS = YES;
				GCC_WARN_64_TO_32_BIT_CONVERSION = YES;
				GCC_WARN_ABOUT_RETURN_TYPE = YES_ERROR;
				GCC_WARN_UNDECLARED_SELECTOR = YES;
				GCC_WARN_UNINITIALIZED_AUTOS = YES_AGGRESSIVE;
				GCC_WARN_UNUSED_FUNCTION = YES;
				GCC_WARN_UNUSED_VARIABLE = YES;
				IPHONEOS_DEPLOYMENT_TARGET = 10.2;
				MTL_ENABLE_DEBUG_INFO = NO;
				SDKROOT = iphoneos;
				SWIFT_OPTIMIZATION_LEVEL = "-Owholemodule";
				TARGETED_DEVICE_FAMILY = "1,2";
				VALIDATE_PRODUCT = YES;
			};
			name = Release;
		};
		F05B3DBA1EE6A2A8003CE88F /* Debug */ = {
			isa = XCBuildConfiguration;
			buildSettings = {
				ASSETCATALOG_COMPILER_APPICON_NAME = AppIcon;
				DEVELOPMENT_TEAM = D7ACHR9XMP;
				INFOPLIST_FILE = Ejer06_TableView/Info.plist;
				LD_RUNPATH_SEARCH_PATHS = "$(inherited) @executable_path/Frameworks";
				PRODUCT_BUNDLE_IDENTIFIER = "noftsoftware.Ejer06-TableView";
				PRODUCT_NAME = "$(TARGET_NAME)";
				SWIFT_VERSION = 3.0;
			};
			name = Debug;
		};
		F05B3DBB1EE6A2A8003CE88F /* Release */ = {
			isa = XCBuildConfiguration;
			buildSettings = {
				ASSETCATALOG_COMPILER_APPICON_NAME = AppIcon;
				DEVELOPMENT_TEAM = D7ACHR9XMP;
				INFOPLIST_FILE = Ejer06_TableView/Info.plist;
				LD_RUNPATH_SEARCH_PATHS = "$(inherited) @executable_path/Frameworks";
				PRODUCT_BUNDLE_IDENTIFIER = "noftsoftware.Ejer06-TableView";
				PRODUCT_NAME = "$(TARGET_NAME)";
				SWIFT_VERSION = 3.0;
			};
			name = Release;
		};
		F05B3DBD1EE6A2A8003CE88F /* Debug */ = {
			isa = XCBuildConfiguration;
			buildSettings = {
				ALWAYS_EMBED_SWIFT_STANDARD_LIBRARIES = YES;
				BUNDLE_LOADER = "$(TEST_HOST)";
				DEVELOPMENT_TEAM = D7ACHR9XMP;
				INFOPLIST_FILE = Ejer06_TableViewTests/Info.plist;
				LD_RUNPATH_SEARCH_PATHS = "$(inherited) @executable_path/Frameworks @loader_path/Frameworks";
				PRODUCT_BUNDLE_IDENTIFIER = "noftsoftware.Ejer06-TableViewTests";
				PRODUCT_NAME = "$(TARGET_NAME)";
				SWIFT_VERSION = 3.0;
				TEST_HOST = "$(BUILT_PRODUCTS_DIR)/Ejer06_TableView.app/Ejer06_TableView";
			};
			name = Debug;
		};
		F05B3DBE1EE6A2A8003CE88F /* Release */ = {
			isa = XCBuildConfiguration;
			buildSettings = {
				ALWAYS_EMBED_SWIFT_STANDARD_LIBRARIES = YES;
				BUNDLE_LOADER = "$(TEST_HOST)";
				DEVELOPMENT_TEAM = D7ACHR9XMP;
				INFOPLIST_FILE = Ejer06_TableViewTests/Info.plist;
				LD_RUNPATH_SEARCH_PATHS = "$(inherited) @executable_path/Frameworks @loader_path/Frameworks";
				PRODUCT_BUNDLE_IDENTIFIER = "noftsoftware.Ejer06-TableViewTests";
				PRODUCT_NAME = "$(TARGET_NAME)";
				SWIFT_VERSION = 3.0;
				TEST_HOST = "$(BUILT_PRODUCTS_DIR)/Ejer06_TableView.app/Ejer06_TableView";
			};
			name = Release;
		};
		F05B3DC01EE6A2A8003CE88F /* Debug */ = {
			isa = XCBuildConfiguration;
			buildSettings = {
				ALWAYS_EMBED_SWIFT_STANDARD_LIBRARIES = YES;
				DEVELOPMENT_TEAM = D7ACHR9XMP;
				INFOPLIST_FILE = Ejer06_TableViewUITests/Info.plist;
				LD_RUNPATH_SEARCH_PATHS = "$(inherited) @executable_path/Frameworks @loader_path/Frameworks";
				PRODUCT_BUNDLE_IDENTIFIER = "noftsoftware.Ejer06-TableViewUITests";
				PRODUCT_NAME = "$(TARGET_NAME)";
				SWIFT_VERSION = 3.0;
				TEST_TARGET_NAME = Ejer06_TableView;
			};
			name = Debug;
		};
		F05B3DC11EE6A2A8003CE88F /* Release */ = {
			isa = XCBuildConfiguration;
			buildSettings = {
				ALWAYS_EMBED_SWIFT_STANDARD_LIBRARIES = YES;
				DEVELOPMENT_TEAM = D7ACHR9XMP;
				INFOPLIST_FILE = Ejer06_TableViewUITests/Info.plist;
				LD_RUNPATH_SEARCH_PATHS = "$(inherited) @executable_path/Frameworks @loader_path/Frameworks";
				PRODUCT_BUNDLE_IDENTIFIER = "noftsoftware.Ejer06-TableViewUITests";
				PRODUCT_NAME = "$(TARGET_NAME)";
				SWIFT_VERSION = 3.0;
				TEST_TARGET_NAME = Ejer06_TableView;
			};
			name = Release;
		};
/* End XCBuildConfiguration section */

/* Begin XCConfigurationList section */
		F05B3D8C1EE6A2A7003CE88F /* Build configuration list for PBXProject "Ejer06_TableView" */ = {
			isa = XCConfigurationList;
			buildConfigurations = (
				F05B3DB71EE6A2A8003CE88F /* Debug */,
				F05B3DB81EE6A2A8003CE88F /* Release */,
			);
			defaultConfigurationIsVisible = 0;
			defaultConfigurationName = Release;
		};
		F05B3DB91EE6A2A8003CE88F /* Build configuration list for PBXNativeTarget "Ejer06_TableView" */ = {
			isa = XCConfigurationList;
			buildConfigurations = (
				F05B3DBA1EE6A2A8003CE88F /* Debug */,
				F05B3DBB1EE6A2A8003CE88F /* Release */,
			);
			defaultConfigurationIsVisible = 0;
			defaultConfigurationName = Release;
		};
		F05B3DBC1EE6A2A8003CE88F /* Build configuration list for PBXNativeTarget "Ejer06_TableViewTests" */ = {
			isa = XCConfigurationList;
			buildConfigurations = (
				F05B3DBD1EE6A2A8003CE88F /* Debug */,
				F05B3DBE1EE6A2A8003CE88F /* Release */,
			);
			defaultConfigurationIsVisible = 0;
			defaultConfigurationName = Release;
		};
		F05B3DBF1EE6A2A8003CE88F /* Build configuration list for PBXNativeTarget "Ejer06_TableViewUITests" */ = {
			isa = XCConfigurationList;
			buildConfigurations = (
				F05B3DC01EE6A2A8003CE88F /* Debug */,
				F05B3DC11EE6A2A8003CE88F /* Release */,
			);
			defaultConfigurationIsVisible = 0;
			defaultConfigurationName = Release;
		};
/* End XCConfigurationList section */
	};
	rootObject = F05B3D891EE6A2A7003CE88F /* Project object */;
}
